<?xml version="1.0" encoding="utf-8"?>
<Project ToolsVersion="4.0" xmlns="http://schemas.microsoft.com/developer/msbuild/2003">
  <ItemGroup>
    <Filter Include="Source Files">
      <UniqueIdentifier>{9e612f81-90f3-4f78-9c1f-4167d469bc1c}</UniqueIdentifier>
      <Extensions>cpp;c;cxx;rc;def;r;odl;idl;hpj;bat</Extensions>
    </Filter>
    <Filter Include="Header Files">
      <UniqueIdentifier>{3eb3794d-ca7f-49a7-be8d-01debf8b6cbc}</UniqueIdentifier>
      <Extensions>h;hpp;hxx;hm;inl</Extensions>
    </Filter>
    <Filter Include="Resource Files">
      <UniqueIdentifier>{83707c98-ccf2-4ea3-8d0b-246aea480940}</UniqueIdentifier>
      <Extensions>ico;cur;bmp;dlg;rc2;rct;bin;rgs;gif;jpg;jpeg;jpe</Extensions>
    </Filter>
  </ItemGroup>
  <ItemGroup>
    <ClCompile Include="imgMatch.cpp">
      <Filter>Source Files</Filter>
    </ClCompile>
    <ClCompile Include="imgMatchDoc.cpp">
      <Filter>Source Files</Filter>
    </ClCompile>
    <ClCompile Include="imgMatchView.cpp">
      <Filter>Source Files</Filter>
    </ClCompile>
    <ClCompile Include="MainFrm.cpp">
      <Filter>Source Files</Filter>
    </ClCompile>
    <ClCompile Include="StdAfx.cpp">
      <Filter>Source Files</Filter>
    </ClCompile>
    <ClCompile Include="targetMatch.cpp">
      <Filter>Source Files</Filter>
    </ClCompile>
    <ClCompile Include="ImgPro.cpp">
      <Filter>Source Files</Filter>
    </ClCompile>
    <ClCompile Include="MyBitamp.cpp">
      <Filter>Source Files</Filter>
    </ClCompile>
    <ClCompile Include="AdvancedSet.cpp">
      <Filter>Source Files</Filter>
    </ClCompile>
    <ClCompile Include="adaMachineLearning.cpp">
      <Filter>Source Files</Filter>
    </ClCompile>
    <ClCompile Include="md5.cpp">
      <Filter>Source Files</Filter>
    </ClCompile>
    <ClCompile Include="DB_table.cpp">
      <Filter>Source Files</Filter>
    </ClCompile>
  </ItemGroup>
  <ItemGroup>
    <ClInclude Include="imgMatch.h">
      <Filter>Header Files</Filter>
    </ClInclude>
    <ClInclude Include="imgMatchDoc.h">
      <Filter>Header Files</Filter>
    </ClInclude>
    <ClInclude Include="imgMatchView.h">
      <Filter>Header Files</Filter>
    </ClInclude>
    <ClInclude Include="MainFrm.h">
      <Filter>Header Files</Filter>
    </ClInclude>
    <ClInclude Include="Resource.h">
      <Filter>Header Files</Filter>
    </ClInclude>
    <ClInclude Include="StdAfx.h">
      <Filter>Header Files</Filter>
    </ClInclude>
    <ClInclude Include="ImgPro.h">
      <Filter>Header Files</Filter>
    </ClInclude>
    <ClInclude Include="targetMatch.h">
      <Filter>Header Files</Filter>
    </ClInclude>
    <ClInclude Include="MyBitamp.h">
      <Filter>Header Files</Filter>
    </ClInclude>
    <ClInclude Include="AdvancedSet.h">
      <Filter>Header Files</Filter>
    </ClInclude>
    <ClInclude Include="adaMachineLearning.h">
      <Filter>Header Files</Filter>
    </ClInclude>
    <ClInclude Include="md5.h">
      <Filter>Header Files</Filter>
    </ClInclude>
    <ClInclude Include="DB_table.h">
      <Filter>Header Files</Filter>
    </ClInclude>
  </ItemGroup>
  <ItemGroup>
    <Image Include="res\imgMatch.ico">
      <Filter>Resource Files</Filter>
    </Image>
    <Image Include="res\imgMatchDoc.ico">
      <Filter>Resource Files</Filter>
    </Image>
    <Image Include="res\bg3.bmp">
      <Filter>Resource Files</Filter>
    </Image>
    <Image Include="res\bg4.bmp">
      <Filter>Resource Files</Filter>
    </Image>
  </ItemGroup>
  <ItemGroup>
    <CustomBuild Include="res\imgMatch.rc2">
      <Filter>Resource Files</Filter>
    </CustomBuild>
  </ItemGroup>
  <ItemGroup>
    <ResourceCompile Include="imgMatch.rc">
      <Filter>Resource Files</Filter>
    </ResourceCompile>
  </ItemGroup>
</Project>