
Microsoft Visual Studio Solution File, Format Version 12.00
# Visual Studio 2012
Project("{8BC9CEB8-8B4A-11D0-8D11-00A0C91BC942}") = "imgMatch", "imgMatch.vcxproj", "{233193A6-25B8-4B33-9799-2EE3189F8461}"
EndProject
Global
	GlobalSection(SolutionConfigurationPlatforms) = preSolution
		Debug|Win32 = Debug|Win32
		Release|Win32 = Release|Win32
	EndGlobalSection
	GlobalSection(ProjectConfigurationPlatforms) = postSolution
		{233193A6-25B8-4B33-9799-2EE3189F8461}.Debug|Win32.ActiveCfg = Debug|Win32
		{233193A6-25B8-4B33-9799-2EE3189F8461}.Debug|Win32.Build.0 = Debug|Win32
		{233193A6-25B8-4B33-9799-2EE3189F8461}.Release|Win32.ActiveCfg = Release|Win32
		{233193A6-25B8-4B33-9799-2EE3189F8461}.Release|Win32.Build.0 = Release|Win32
	EndGlobalSection
	GlobalSection(SolutionProperties) = preSolution
		HideSolutionNode = FALSE
	EndGlobalSection
EndGlobal
